// !$*UTF8*$!
{
	archiveVersion = 1;
	classes = {
	};
	objectVersion = 46;
	objects = {

/* Begin PBXBuildFile section */
		9F8BD2541465F436009AD924 /* UIKit.framework in Frameworks */ = {isa = PBXBuildFile; fileRef = 9F8BD2531465F436009AD924 /* UIKit.framework */; };
		9F8BD2561465F436009AD924 /* Foundation.framework in Frameworks */ = {isa = PBXBuildFile; fileRef = 9F8BD2551465F436009AD924 /* Foundation.framework */; };
		9F8BD2581465F436009AD924 /* CoreGraphics.framework in Frameworks */ = {isa = PBXBuildFile; fileRef = 9F8BD2571465F436009AD924 /* CoreGraphics.framework */; };
		9F8BD25E1465F436009AD924 /* InfoPlist.strings in Resources */ = {isa = PBXBuildFile; fileRef = 9F8BD25C1465F436009AD924 /* InfoPlist.strings */; };
		9F8BD2601465F436009AD924 /* main.m in Sources */ = {isa = PBXBuildFile; fileRef = 9F8BD25F1465F436009AD924 /* main.m */; };
		9F8BD2641465F436009AD924 /* AppDelegate.m in Sources */ = {isa = PBXBuildFile; fileRef = 9F8BD2631465F436009AD924 /* AppDelegate.m */; };
/* End PBXBuildFile section */

/* Begin PBXFileReference section */
		9F8BD24F1465F436009AD924 /* RouteMeExample.app */ = {isa = PBXFileReference; explicitFileType = wrapper.application; includeInIndex = 0; path = RouteMeExample.app; sourceTree = BUILT_PRODUCTS_DIR; };
		9F8BD2531465F436009AD924 /* UIKit.framework */ = {isa = PBXFileReference; lastKnownFileType = wrapper.framework; name = UIKit.framework; path = System/Library/Frameworks/UIKit.framework; sourceTree = SDKROOT; };
		9F8BD2551465F436009AD924 /* Foundation.framework */ = {isa = PBXFileReference; lastKnownFileType = wrapper.framework; name = Foundation.framework; path = System/Library/Frameworks/Foundation.framework; sourceTree = SDKROOT; };
		9F8BD2571465F436009AD924 /* CoreGraphics.framework */ = {isa = PBXFileReference; lastKnownFileType = wrapper.framework; name = CoreGraphics.framework; path = System/Library/Frameworks/CoreGraphics.framework; sourceTree = SDKROOT; };
		9F8BD25B1465F436009AD924 /* RouteMeExample-Info.plist */ = {isa = PBXFileReference; path = "RouteMeExample-Info.plist"; sourceTree = "<group>"; };
		9F8BD25D1465F436009AD924 /* en */ = {isa = PBXFileReference; lastKnownFileType = text.plist.strings; name = en; path = en.lproj/InfoPlist.strings; sourceTree = "<group>"; };
		9F8BD25F1465F436009AD924 /* main.m */ = {isa = PBXFileReference; lastKnownFileType = sourcecode.c.objc; path = main.m; sourceTree = "<group>"; };
		9F8BD2611465F436009AD924 /* RouteMeExample-Prefix.pch */ = {isa = PBXFileReference; path = "RouteMeExample-Prefix.pch"; sourceTree = "<group>"; };
		9F8BD2621465F436009AD924 /* AppDelegate.h */ = {isa = PBXFileReference; path = AppDelegate.h; sourceTree = "<group>"; };
		9F8BD2631465F436009AD924 /* AppDelegate.m */ = {isa = PBXFileReference; lastKnownFileType = sourcecode.c.objc; path = AppDelegate.m; sourceTree = "<group>"; };
/* End PBXFileReference section */

/* Begin PBXFrameworksBuildPhase section */
		9F8BD24C1465F436009AD924 /* Frameworks */ = {
			isa = PBXFrameworksBuildPhase;
			buildActionMask = 2147483647;
			files = (
				9F8BD2541465F436009AD924 /* UIKit.framework in Frameworks */,
				9F8BD2561465F436009AD924 /* Foundation.framework in Frameworks */,
				9F8BD2581465F436009AD924 /* CoreGraphics.framework in Frameworks */,
			);
			runOnlyForDeploymentPostprocessing = 0;
		};
/* End PBXFrameworksBuildPhase section */

/* Begin PBXGroup section */
		9F8BD2441465F436009AD924 = {
			isa = PBXGroup;
			children = (
				9F8BD2591465F436009AD924 /* RouteMeExample */,
				9F8BD2521465F436009AD924 /* Frameworks */,
				9F8BD2501465F436009AD924 /* Products */,
			);
			sourceTree = "<group>";
		};
		9F8BD2501465F436009AD924 /* Products */ = {
			isa = PBXGroup;
			children = (
				9F8BD24F1465F436009AD924 /* RouteMeExample.app */,
			);
			name = Products;
			sourceTree = "<group>";
		};
		9F8BD2521465F436009AD924 /* Frameworks */ = {
			isa = PBXGroup;
			children = (
				9F8BD2531465F436009AD924 /* UIKit.framework */,
				9F8BD2551465F436009AD924 /* Foundation.framework */,
				9F8BD2571465F436009AD924 /* CoreGraphics.framework */,
			);
			name = Frameworks;
			sourceTree = "<group>";
		};
		9F8BD2591465F436009AD924 /* RouteMeExample */ = {
			isa = PBXGroup;
			children = (
				9F8BD2621465F436009AD924 /* AppDelegate.h */,
				9F8BD2631465F436009AD924 /* AppDelegate.m */,
				9F8BD25A1465F436009AD924 /* Supporting Files */,
			);
			path = RouteMeExample;
			sourceTree = "<group>";
		};
		9F8BD25A1465F436009AD924 /* Supporting Files */ = {
			isa = PBXGroup;
			children = (
				9F8BD25B1465F436009AD924 /* RouteMeExample-Info.plist */,
				9F8BD25C1465F436009AD924 /* InfoPlist.strings */,
				9F8BD25F1465F436009AD924 /* main.m */,
				9F8BD2611465F436009AD924 /* RouteMeExample-Prefix.pch */,
			);
			name = "Supporting Files";
			sourceTree = "<group>";
		};
/* End PBXGroup section */

/* Begin PBXNativeTarget section */
		9F8BD24E1465F436009AD924 /* RouteMeExample */ = {
			isa = PBXNativeTarget;
			buildConfigurationList = 9F8BD2671465F436009AD924 /* Build configuration list for PBXNativeTarget "RouteMeExample" */;
			buildPhases = (
				9F8BD24B1465F436009AD924 /* Sources */,
				9F8BD24C1465F436009AD924 /* Frameworks */,
				9F8BD24D1465F436009AD924 /* Resources */,
			);
			buildRules = (
			);
			dependencies = (
			);
			name = RouteMeExample;
			productName = RouteMeExample;
			productReference = 9F8BD24F1465F436009AD924 /* RouteMeExample.app */;
			productType = "com.apple.product-type.application";
		};
/* End PBXNativeTarget section */

/* Begin PBXProject section */
		9F8BD2461465F436009AD924 /* Project object */ = {
			isa = PBXProject;
			attributes = {
				LastUpgradeCheck = 0420;
			};
			buildConfigurationList = 9F8BD2491465F436009AD924 /* Build configuration list for PBXProject "RouteMeExample" */;
			compatibilityVersion = "Xcode 3.2";
			developmentRegion = English;
			hasScannedForEncodings = 0;
			knownRegions = (
				en,
			);
			mainGroup = 9F8BD2441465F436009AD924;
			productRefGroup = 9F8BD2501465F436009AD924 /* Products */;
			projectDirPath = "";
			projectRoot = "";
			targets = (
				9F8BD24E1465F436009AD924 /* RouteMeExample */,
			);
		};
/* End PBXProject section */

/* Begin PBXResourcesBuildPhase section */
		9F8BD24D1465F436009AD924 /* Resources */ = {
			isa = PBXResourcesBuildPhase;
			buildActionMask = 2147483647;
			files = (
				9F8BD25E1465F436009AD924 /* InfoPlist.strings in Resources */,
			);
			runOnlyForDeploymentPostprocessing = 0;
		};
/* End PBXResourcesBuildPhase section */

/* Begin PBXSourcesBuildPhase section */
		9F8BD24B1465F436009AD924 /* Sources */ = {
			isa = PBXSourcesBuildPhase;
			buildActionMask = 2147483647;
			files = (
				9F8BD2601465F436009AD924 /* main.m in Sources */,
				9F8BD2641465F436009AD924 /* AppDelegate.m in Sources */,
			);
			runOnlyForDeploymentPostprocessing = 0;
		};
/* End PBXSourcesBuildPhase section */

/* Begin PBXVariantGroup section */
		9F8BD25C1465F436009AD924 /* InfoPlist.strings */ = {
			isa = PBXVariantGroup;
			children = (
				9F8BD25D1465F436009AD924 /* en */,
			);
			name = InfoPlist.strings;
			sourceTree = "<group>";
		};
/* End PBXVariantGroup section */

/* Begin XCBuildConfiguration section */
		9F8BD2651465F436009AD924 /* Debug */ = {
			isa = XCBuildConfiguration;
			buildSettings = {
				ALWAYS_SEARCH_USER_PATHS = NO;
				ARCHS = "$(ARCHS_STANDARD_32_BIT)";
				CLANG_ENABLE_OBJC_ARC = YES;
				"CODE_SIGN_IDENTITY[sdk=iphoneos*]" = "iPhone Developer";
				COPY_PHASE_STRIP = NO;
				GCC_C_LANGUAGE_STANDARD = gnu99;
				GCC_DYNAMIC_NO_PIC = NO;
				GCC_OPTIMIZATION_LEVEL = 0;
				GCC_PREPROCESSOR_DEFINITIONS = (
					"DEBUG=1",
					"$(inherited)",
				);
				GCC_SYMBOLS_PRIVATE_EXTERN = NO;
				GCC_VERSION = com.apple.compilers.llvm.clang.1_0;
				GCC_WARN_ABOUT_MISSING_PROTOTYPES = YES;
				GCC_WARN_ABOUT_RETURN_TYPE = YES;
				GCC_WARN_UNUSED_VARIABLE = YES;
				IPHONEOS_DEPLOYMENT_TARGET = 5.0;
				SDKROOT = iphoneos;
				TARGETED_DEVICE_FAMILY = "1,2";
			};
			name = Debug;
		};
		9F8BD2661465F436009AD924 /* Release */ = {
			isa = XCBuildConfiguration;
			buildSettings = {
				ALWAYS_SEARCH_USER_PATHS = NO;
				ARCHS = "$(ARCHS_STANDARD_32_BIT)";
				CLANG_ENABLE_OBJC_ARC = YES;
				"CODE_SIGN_IDENTITY[sdk=iphoneos*]" = "iPhone Developer";
				COPY_PHASE_STRIP = YES;
				GCC_C_LANGUAGE_STANDARD = gnu99;
				GCC_VERSION = com.apple.compilers.llvm.clang.1_0;
				GCC_WARN_ABOUT_MISSING_PROTOTYPES = YES;
				GCC_WARN_ABOUT_RETURN_TYPE = YES;
				GCC_WARN_UNUSED_VARIABLE = YES;
				IPHONEOS_DEPLOYMENT_TARGET = 5.0;
				OTHER_CFLAGS = "-DNS_BLOCK_ASSERTIONS=1";
				SDKROOT = iphoneos;
				TARGETED_DEVICE_FAMILY = "1,2";
				VALIDATE_PRODUCT = YES;
			};
			name = Release;
		};
		9F8BD2681465F436009AD924 /* Debug */ = {
			isa = XCBuildConfiguration;
			buildSettings = {
				GCC_PRECOMPILE_PREFIX_HEADER = YES;
				GCC_PREFIX_HEADER = "RouteMeExample/RouteMeExample-Prefix.pch";
				INFOPLIST_FILE = "RouteMeExample/RouteMeExample-Info.plist";
				PRODUCT_NAME = "$(TARGET_NAME)";
				WRAPPER_EXTENSION = app;
			};
			name = Debug;
		};
		9F8BD2691465F436009AD924 /* Release */ = {
			isa = XCBuildConfiguration;
			buildSettings = {
				GCC_PRECOMPILE_PREFIX_HEADER = YES;
				GCC_PREFIX_HEADER = "RouteMeExample/RouteMeExample-Prefix.pch";
				INFOPLIST_FILE = "RouteMeExample/RouteMeExample-Info.plist";
				PRODUCT_NAME = "$(TARGET_NAME)";
				WRAPPER_EXTENSION = app;
			};
			name = Release;
		};
/* End XCBuildConfiguration section */

/* Begin XCConfigurationList section */
		9F8BD2491465F436009AD924 /* Build configuration list for PBXProject "RouteMeExample" */ = {
			isa = XCConfigurationList;
			buildConfigurations = (
				9F8BD2651465F436009AD924 /* Debug */,
				9F8BD2661465F436009AD924 /* Release */,
			);
			defaultConfigurationIsVisible = 0;
			defaultConfigurationName = Release;
		};
		9F8BD2671465F436009AD924 /* Build configuration list for PBXNativeTarget "RouteMeExample" */ = {
			isa = XCConfigurationList;
			buildConfigurations = (
				9F8BD2681465F436009AD924 /* Debug */,
				9F8BD2691465F436009AD924 /* Release */,
			);
			defaultConfigurationIsVisible = 0;
		};
/* End XCConfigurationList section */
	};
	rootObject = 9F8BD2461465F436009AD924 /* Project object */;
}
